<?xml version="1.0" encoding="utf-8"?>
<Project ToolsVersion="4.0" xmlns="http://schemas.microsoft.com/developer/msbuild/2003">
  <ItemGroup>
    <Filter Include="리소스 파일">
      <UniqueIdentifier>{67DA6AB6-F800-4c08-8B7A-83BB121AAD01}</UniqueIdentifier>
      <Extensions>rc;ico;cur;bmp;dlg;rc2;rct;bin;rgs;gif;jpg;jpeg;jpe;resx;tiff;tif;png;wav;mfcribbon-ms</Extensions>
    </Filter>
    <Filter Include="Engine">
      <UniqueIdentifier>{94390081-8e05-4e9b-a632-bdb6fc827e2d}</UniqueIdentifier>
    </Filter>
    <Filter Include="Define">
      <UniqueIdentifier>{da3f818b-df1e-4b14-8f9f-c166df7a09d9}</UniqueIdentifier>
    </Filter>
    <Filter Include="Engine\01.Header">
      <UniqueIdentifier>{dedae607-7b95-492f-a05f-90d2b2a5b670}</UniqueIdentifier>
    </Filter>
    <Filter Include="Engine\02.Core">
      <UniqueIdentifier>{c515d036-2814-43dc-8530-38cebd9a32ac}</UniqueIdentifier>
    </Filter>
    <Filter Include="Engine\03.Manager">
      <UniqueIdentifier>{501787fd-8a00-4ec2-b606-8ddd30b288e7}</UniqueIdentifier>
    </Filter>
    <Filter Include="Engine\04.Object">
      <UniqueIdentifier>{2f64af3d-008a-4f3e-80c8-81639b8b8213}</UniqueIdentifier>
    </Filter>
    <Filter Include="Engine\05.Scene">
      <UniqueIdentifier>{f94b9510-420c-4cd5-ad4b-ee45f45750ac}</UniqueIdentifier>
    </Filter>
    <Filter Include="Engine\06.Shader">
      <UniqueIdentifier>{aa0c1712-c7f7-4326-8596-38dd212d9c06}</UniqueIdentifier>
    </Filter>
    <Filter Include="Engine\03.Manager\Scene">
      <UniqueIdentifier>{e8e95b5f-9800-4632-810d-394ad5cf09ff}</UniqueIdentifier>
    </Filter>
    <Filter Include="Engine\03.Manager\Key">
      <UniqueIdentifier>{6e93d561-2e2e-4f89-ae64-87dd4cc7f36b}</UniqueIdentifier>
    </Filter>
    <Filter Include="Engine\03.Manager\Time">
      <UniqueIdentifier>{dae0aa46-e628-4dc1-a593-b64ceace3c34}</UniqueIdentifier>
    </Filter>
    <Filter Include="Engine\05.Scene\TestScene">
      <UniqueIdentifier>{3ea144f1-35ea-41f2-b28b-d6896770e362}</UniqueIdentifier>
    </Filter>
  </ItemGroup>
  <ItemGroup>
    <ClInclude Include="targetver.h">
      <Filter>Define</Filter>
    </ClInclude>
    <ClInclude Include="framework.h">
      <Filter>Define</Filter>
    </ClInclude>
    <ClInclude Include="test.h">
      <Filter>Define</Filter>
    </ClInclude>
    <ClInclude Include="stdafx.h">
      <Filter>Engine</Filter>
    </ClInclude>
    <ClInclude Include="Resource.h">
      <Filter>Define</Filter>
    </ClInclude>
    <ClInclude Include="define.h">
      <Filter>Engine\01.Header</Filter>
    </ClInclude>
    <ClInclude Include="Core.h">
      <Filter>Engine\02.Core</Filter>
    </ClInclude>
    <ClInclude Include="TimeMgr.h">
      <Filter>Engine\03.Manager\Time</Filter>
    </ClInclude>
    <ClInclude Include="KeyMgr.h">
      <Filter>Engine\03.Manager\Key</Filter>
    </ClInclude>
    <ClInclude Include="SceneMgr.h">
      <Filter>Engine\03.Manager\Scene</Filter>
    </ClInclude>
    <ClInclude Include="Scene.h">
      <Filter>Engine\05.Scene</Filter>
    </ClInclude>
    <ClInclude Include="Object.h">
      <Filter>Engine\04.Object</Filter>
    </ClInclude>
    <ClInclude Include="Shader.h">
      <Filter>Engine\06.Shader</Filter>
    </ClInclude>
    <ClInclude Include="Mesh.h">
      <Filter>Engine\04.Object</Filter>
    </ClInclude>
    <ClInclude Include="Camera.h">
      <Filter>Engine\04.Object</Filter>
    </ClInclude>
    <ClInclude Include="TestScene.h">
      <Filter>Engine\05.Scene\TestScene</Filter>
    </ClInclude>
  </ItemGroup>
  <ItemGroup>
    <ClCompile Include="stdafx.cpp">
      <Filter>Engine</Filter>
    </ClCompile>
    <ClCompile Include="test.cpp">
      <Filter>Engine</Filter>
    </ClCompile>
    <ClCompile Include="Core.cpp">
      <Filter>Engine\02.Core</Filter>
    </ClCompile>
    <ClCompile Include="TimeMgr.cpp">
      <Filter>Engine\03.Manager\Time</Filter>
    </ClCompile>
    <ClCompile Include="KeyMgr.cpp">
      <Filter>Engine\03.Manager\Key</Filter>
    </ClCompile>
    <ClCompile Include="SceneMgr.cpp">
      <Filter>Engine\03.Manager\Scene</Filter>
    </ClCompile>
    <ClCompile Include="Scene.cpp">
      <Filter>Engine\05.Scene</Filter>
    </ClCompile>
    <ClCompile Include="Object.cpp">
      <Filter>Engine\04.Object</Filter>
    </ClCompile>
    <ClCompile Include="Shader.cpp">
      <Filter>Engine\06.Shader</Filter>
    </ClCompile>
    <ClCompile Include="Mesh.cpp">
      <Filter>Engine\04.Object</Filter>
    </ClCompile>
    <ClCompile Include="Camera.cpp">
      <Filter>Engine\04.Object</Filter>
    </ClCompile>
    <ClCompile Include="TestScene.cpp">
      <Filter>Engine\05.Scene\TestScene</Filter>
    </ClCompile>
  </ItemGroup>
  <ItemGroup>
    <ResourceCompile Include="test.rc">
      <Filter>리소스 파일</Filter>
    </ResourceCompile>
  </ItemGroup>
  <ItemGroup>
    <Image Include="small.ico">
      <Filter>리소스 파일</Filter>
    </Image>
    <Image Include="test.ico">
      <Filter>리소스 파일</Filter>
    </Image>
  </ItemGroup>
  <ItemGroup>
    <FxCompile Include="Shaders.hlsl">
      <Filter>Engine\06.Shader</Filter>
    </FxCompile>
  </ItemGroup>
</Project>